
Microsoft Visual Studio Solution File, Format Version 12.00
# Visual Studio Version 16
VisualStudioVersion = 16.0.30517.126
MinimumVisualStudioVersion = 10.0.40219.1
Project("{FAE04EC0-301F-11D3-BF4B-00C04F79EFBC}") = "Yahtzee", "Yahtzee\Yahtzee.csproj", "{8A452511-E387-4C9A-A773-18AA4F991BDD}"
EndProject
Project("{FAE04EC0-301F-11D3-BF4B-00C04F79EFBC}") = "Tests", "Tests\Tests.csproj", "{74D938D9-30A2-44A1-B4F3-A4F71C45755A}"
EndProject
Global
	GlobalSection(SolutionConfigurationPlatforms) = preSolution
		Debug|Any CPU = Debug|Any CPU
		Release|Any CPU = Release|Any CPU
	EndGlobalSection
	GlobalSection(ProjectConfigurationPlatforms) = postSolution
		{8A452511-E387-4C9A-A773-18AA4F991BDD}.Debug|Any CPU.ActiveCfg = Debug|Any CPU
		{8A452511-E387-4C9A-A773-18AA4F991BDD}.Debug|Any CPU.Build.0 = Debug|Any CPU
		{8A452511-E387-4C9A-A773-18AA4F991BDD}.Release|Any CPU.ActiveCfg = Release|Any CPU
		{8A452511-E387-4C9A-A773-18AA4F991BDD}.Release|Any CPU.Build.0 = Release|Any CPU
		{74D938D9-30A2-44A1-B4F3-A4F71C45755A}.Debug|Any CPU.ActiveCfg = Debug|Any CPU
		{74D938D9-30A2-44A1-B4F3-A4F71C45755A}.Debug|Any CPU.Build.0 = Debug|Any CPU
		{74D938D9-30A2-44A1-B4F3-A4F71C45755A}.Release|Any CPU.ActiveCfg = Release|Any CPU
		{74D938D9-30A2-44A1-B4F3-A4F71C45755A}.Release|Any CPU.Build.0 = Release|Any CPU
	EndGlobalSection
	GlobalSection(SolutionProperties) = preSolution
		HideSolutionNode = FALSE
	EndGlobalSection
	GlobalSection(ExtensibilityGlobals) = postSolution
		SolutionGuid = {FC59891A-9E89-4A9B-882B-CF6A7AAC6E1C}
	EndGlobalSection
EndGlobal
